
Microsoft Visual Studio Solution File, Format Version 12.00
Project("{FAE04EC0-301F-11D3-BF4B-00C04F79EFBC}") = "ReservasApp", "ReservasApp\ReservasApp.csproj", "{FC66EA79-4611-4A8D-BED8-88216C258FF2}"
EndProject
Global
	GlobalSection(SolutionConfigurationPlatforms) = preSolution
		Debug|Any CPU = Debug|Any CPU
		Release|Any CPU = Release|Any CPU
	EndGlobalSection
	GlobalSection(ProjectConfigurationPlatforms) = postSolution
		{FC66EA79-4611-4A8D-BED8-88216C258FF2}.Debug|Any CPU.ActiveCfg = Debug|Any CPU
		{FC66EA79-4611-4A8D-BED8-88216C258FF2}.Debug|Any CPU.Build.0 = Debug|Any CPU
		{FC66EA79-4611-4A8D-BED8-88216C258FF2}.Release|Any CPU.ActiveCfg = Release|Any CPU
		{FC66EA79-4611-4A8D-BED8-88216C258FF2}.Release|Any CPU.Build.0 = Release|Any CPU
	EndGlobalSection
EndGlobal
